// !$*UTF8*$!
{
	archiveVersion = 1;
	classes = {
	};
	objectVersion = 46;
	objects = {

/* Begin PBXBuildFile section */
		C01CC5431C88D9C60058CAC5 /* ApiManager.m in Sources */ = {isa = PBXBuildFile; fileRef = C01CC5421C88D9C60058CAC5 /* ApiManager.m */; };
		C01CC5491C88DE940058CAC5 /* sample.wav in Resources */ = {isa = PBXBuildFile; fileRef = C01CC5481C88DE940058CAC5 /* sample.wav */; };
		C01CC54B1C88E2160058CAC5 /* APIWrapper.swift in Sources */ = {isa = PBXBuildFile; fileRef = C01CC54A1C88E2160058CAC5 /* APIWrapper.swift */; };
		F72A26761C8644550053F3DC /* AppDelegate.swift in Sources */ = {isa = PBXBuildFile; fileRef = F72A26751C8644550053F3DC /* AppDelegate.swift */; };
		F72A26781C8644550053F3DC /* MainViewController.swift in Sources */ = {isa = PBXBuildFile; fileRef = F72A26771C8644550053F3DC /* MainViewController.swift */; };
		F72A267B1C8644550053F3DC /* Main.storyboard in Resources */ = {isa = PBXBuildFile; fileRef = F72A26791C8644550053F3DC /* Main.storyboard */; };
		F72A267D1C8644550053F3DC /* Assets.xcassets in Resources */ = {isa = PBXBuildFile; fileRef = F72A267C1C8644550053F3DC /* Assets.xcassets */; };
		F72A26801C8644550053F3DC /* LaunchScreen.storyboard in Resources */ = {isa = PBXBuildFile; fileRef = F72A267E1C8644550053F3DC /* LaunchScreen.storyboard */; };
		F774166A1C8F77ED000F4E74 /* RecordViewController.swift in Sources */ = {isa = PBXBuildFile; fileRef = F77416691C8F77ED000F4E74 /* RecordViewController.swift */; };
		F774166C1C8F780E000F4E74 /* RecordTableViewCell.swift in Sources */ = {isa = PBXBuildFile; fileRef = F774166B1C8F780E000F4E74 /* RecordTableViewCell.swift */; };
		F774166E1C8F7DF2000F4E74 /* ArchiveViewController.swift in Sources */ = {isa = PBXBuildFile; fileRef = F774166D1C8F7DF2000F4E74 /* ArchiveViewController.swift */; };
		F77416701C8F7E55000F4E74 /* ArchiveTableViewCell.swift in Sources */ = {isa = PBXBuildFile; fileRef = F774166F1C8F7E55000F4E74 /* ArchiveTableViewCell.swift */; };
/* End PBXBuildFile section */

/* Begin PBXFileReference section */
		C01CC5401C88D9C60058CAC5 /* Emonar-Bridging-Header.h */ = {isa = PBXFileReference; lastKnownFileType = sourcecode.c.h; path = "Emonar-Bridging-Header.h"; sourceTree = "<group>"; };
		C01CC5411C88D9C60058CAC5 /* ApiManager.h */ = {isa = PBXFileReference; fileEncoding = 4; lastKnownFileType = sourcecode.c.h; path = ApiManager.h; sourceTree = "<group>"; };
		C01CC5421C88D9C60058CAC5 /* ApiManager.m */ = {isa = PBXFileReference; fileEncoding = 4; lastKnownFileType = sourcecode.c.objc; path = ApiManager.m; sourceTree = "<group>"; };
		C01CC5481C88DE940058CAC5 /* sample.wav */ = {isa = PBXFileReference; lastKnownFileType = audio.wav; path = sample.wav; sourceTree = "<group>"; };
		C01CC54A1C88E2160058CAC5 /* APIWrapper.swift */ = {isa = PBXFileReference; fileEncoding = 4; lastKnownFileType = sourcecode.swift; path = APIWrapper.swift; sourceTree = "<group>"; };
		F72A26721C8644550053F3DC /* Emonar.app */ = {isa = PBXFileReference; explicitFileType = wrapper.application; includeInIndex = 0; path = Emonar.app; sourceTree = BUILT_PRODUCTS_DIR; };
		F72A26751C8644550053F3DC /* AppDelegate.swift */ = {isa = PBXFileReference; lastKnownFileType = sourcecode.swift; path = AppDelegate.swift; sourceTree = "<group>"; };
		F72A26771C8644550053F3DC /* MainViewController.swift */ = {isa = PBXFileReference; lastKnownFileType = sourcecode.swift; path = MainViewController.swift; sourceTree = "<group>"; };
		F72A267A1C8644550053F3DC /* Base */ = {isa = PBXFileReference; lastKnownFileType = file.storyboard; name = Base; path = Base.lproj/Main.storyboard; sourceTree = "<group>"; };
		F72A267C1C8644550053F3DC /* Assets.xcassets */ = {isa = PBXFileReference; lastKnownFileType = folder.assetcatalog; path = Assets.xcassets; sourceTree = "<group>"; };
		F72A267F1C8644550053F3DC /* Base */ = {isa = PBXFileReference; lastKnownFileType = file.storyboard; name = Base; path = Base.lproj/LaunchScreen.storyboard; sourceTree = "<group>"; };
		F72A26811C8644550053F3DC /* Info.plist */ = {isa = PBXFileReference; lastKnownFileType = text.plist.xml; path = Info.plist; sourceTree = "<group>"; };
		F77416691C8F77ED000F4E74 /* RecordViewController.swift */ = {isa = PBXFileReference; fileEncoding = 4; lastKnownFileType = sourcecode.swift; path = RecordViewController.swift; sourceTree = "<group>"; };
		F774166B1C8F780E000F4E74 /* RecordTableViewCell.swift */ = {isa = PBXFileReference; fileEncoding = 4; lastKnownFileType = sourcecode.swift; path = RecordTableViewCell.swift; sourceTree = "<group>"; };
		F774166D1C8F7DF2000F4E74 /* ArchiveViewController.swift */ = {isa = PBXFileReference; fileEncoding = 4; lastKnownFileType = sourcecode.swift; path = ArchiveViewController.swift; sourceTree = "<group>"; };
		F774166F1C8F7E55000F4E74 /* ArchiveTableViewCell.swift */ = {isa = PBXFileReference; fileEncoding = 4; lastKnownFileType = sourcecode.swift; path = ArchiveTableViewCell.swift; sourceTree = "<group>"; };
/* End PBXFileReference section */

/* Begin PBXFrameworksBuildPhase section */
		F72A266F1C8644550053F3DC /* Frameworks */ = {
			isa = PBXFrameworksBuildPhase;
			buildActionMask = 2147483647;
			files = (
			);
			runOnlyForDeploymentPostprocessing = 0;
		};
/* End PBXFrameworksBuildPhase section */

/* Begin PBXGroup section */
		C01CC53E1C88D98E0058CAC5 /* Other */ = {
			isa = PBXGroup;
			children = (
				C01CC5401C88D9C60058CAC5 /* Emonar-Bridging-Header.h */,
				F72A26751C8644550053F3DC /* AppDelegate.swift */,
				F72A26791C8644550053F3DC /* Main.storyboard */,
				F72A267C1C8644550053F3DC /* Assets.xcassets */,
				F72A267E1C8644550053F3DC /* LaunchScreen.storyboard */,
				F72A26811C8644550053F3DC /* Info.plist */,
			);
			name = Other;
			sourceTree = "<group>";
		};
		C01CC53F1C88D9AC0058CAC5 /* Controller */ = {
			isa = PBXGroup;
			children = (
				F72A26771C8644550053F3DC /* MainViewController.swift */,
				F77416691C8F77ED000F4E74 /* RecordViewController.swift */,
				F774166B1C8F780E000F4E74 /* RecordTableViewCell.swift */,
				F774166D1C8F7DF2000F4E74 /* ArchiveViewController.swift */,
				F774166F1C8F7E55000F4E74 /* ArchiveTableViewCell.swift */,
			);
			name = Controller;
			sourceTree = "<group>";
		};
		C01CC5441C88D9CE0058CAC5 /* API */ = {
			isa = PBXGroup;
			children = (
				C01CC5481C88DE940058CAC5 /* sample.wav */,
				C01CC5411C88D9C60058CAC5 /* ApiManager.h */,
				C01CC5421C88D9C60058CAC5 /* ApiManager.m */,
				C01CC54A1C88E2160058CAC5 /* APIWrapper.swift */,
			);
			name = API;
			sourceTree = "<group>";
		};
		C01CC5451C88D9D80058CAC5 /* AudioI/O */ = {
			isa = PBXGroup;
			children = (
			);
			name = AudioI/O;
			sourceTree = "<group>";
		};
		F72A26691C8644550053F3DC = {
			isa = PBXGroup;
			children = (
				F72A26741C8644550053F3DC /* Emonar */,
				F72A26731C8644550053F3DC /* Products */,
			);
			sourceTree = "<group>";
		};
		F72A26731C8644550053F3DC /* Products */ = {
			isa = PBXGroup;
			children = (
				F72A26721C8644550053F3DC /* Emonar.app */,
			);
			name = Products;
			sourceTree = "<group>";
		};
		F72A26741C8644550053F3DC /* Emonar */ = {
			isa = PBXGroup;
			children = (
				C01CC5451C88D9D80058CAC5 /* AudioI/O */,
				C01CC5441C88D9CE0058CAC5 /* API */,
				C01CC53F1C88D9AC0058CAC5 /* Controller */,
				C01CC53E1C88D98E0058CAC5 /* Other */,
			);
			path = Emonar;
			sourceTree = "<group>";
		};
/* End PBXGroup section */

/* Begin PBXNativeTarget section */
		F72A26711C8644550053F3DC /* Emonar */ = {
			isa = PBXNativeTarget;
			buildConfigurationList = F72A26841C8644550053F3DC /* Build configuration list for PBXNativeTarget "Emonar" */;
			buildPhases = (
				F72A266E1C8644550053F3DC /* Sources */,
				F72A266F1C8644550053F3DC /* Frameworks */,
				F72A26701C8644550053F3DC /* Resources */,
			);
			buildRules = (
			);
			dependencies = (
			);
			name = Emonar;
			productName = Emonar;
			productReference = F72A26721C8644550053F3DC /* Emonar.app */;
			productType = "com.apple.product-type.application";
		};
/* End PBXNativeTarget section */

/* Begin PBXProject section */
		F72A266A1C8644550053F3DC /* Project object */ = {
			isa = PBXProject;
			attributes = {
				LastSwiftUpdateCheck = 0720;
				LastUpgradeCheck = 0720;
				ORGANIZATIONNAME = ZengJintao;
				TargetAttributes = {
					F72A26711C8644550053F3DC = {
						CreatedOnToolsVersion = 7.2;
						DevelopmentTeam = MYSFRJD98Y;
					};
				};
			};
			buildConfigurationList = F72A266D1C8644550053F3DC /* Build configuration list for PBXProject "Emonar" */;
			compatibilityVersion = "Xcode 3.2";
			developmentRegion = English;
			hasScannedForEncodings = 0;
			knownRegions = (
				en,
				Base,
			);
			mainGroup = F72A26691C8644550053F3DC;
			productRefGroup = F72A26731C8644550053F3DC /* Products */;
			projectDirPath = "";
			projectRoot = "";
			targets = (
				F72A26711C8644550053F3DC /* Emonar */,
			);
		};
/* End PBXProject section */

/* Begin PBXResourcesBuildPhase section */
		F72A26701C8644550053F3DC /* Resources */ = {
			isa = PBXResourcesBuildPhase;
			buildActionMask = 2147483647;
			files = (
				C01CC5491C88DE940058CAC5 /* sample.wav in Resources */,
				F72A26801C8644550053F3DC /* LaunchScreen.storyboard in Resources */,
				F72A267D1C8644550053F3DC /* Assets.xcassets in Resources */,
				F72A267B1C8644550053F3DC /* Main.storyboard in Resources */,
			);
			runOnlyForDeploymentPostprocessing = 0;
		};
/* End PBXResourcesBuildPhase section */

/* Begin PBXSourcesBuildPhase section */
		F72A266E1C8644550053F3DC /* Sources */ = {
			isa = PBXSourcesBuildPhase;
			buildActionMask = 2147483647;
			files = (
				F72A26781C8644550053F3DC /* MainViewController.swift in Sources */,
				F72A26761C8644550053F3DC /* AppDelegate.swift in Sources */,
				F77416701C8F7E55000F4E74 /* ArchiveTableViewCell.swift in Sources */,
				F774166C1C8F780E000F4E74 /* RecordTableViewCell.swift in Sources */,
				F774166A1C8F77ED000F4E74 /* RecordViewController.swift in Sources */,
				C01CC54B1C88E2160058CAC5 /* APIWrapper.swift in Sources */,
				C01CC5431C88D9C60058CAC5 /* ApiManager.m in Sources */,
				F774166E1C8F7DF2000F4E74 /* ArchiveViewController.swift in Sources */,
			);
			runOnlyForDeploymentPostprocessing = 0;
		};
/* End PBXSourcesBuildPhase section */

/* Begin PBXVariantGroup section */
		F72A26791C8644550053F3DC /* Main.storyboard */ = {
			isa = PBXVariantGroup;
			children = (
				F72A267A1C8644550053F3DC /* Base */,
			);
			name = Main.storyboard;
			sourceTree = "<group>";
		};
		F72A267E1C8644550053F3DC /* LaunchScreen.storyboard */ = {
			isa = PBXVariantGroup;
			children = (
				F72A267F1C8644550053F3DC /* Base */,
			);
			name = LaunchScreen.storyboard;
			sourceTree = "<group>";
		};
/* End PBXVariantGroup section */

/* Begin XCBuildConfiguration section */
		F72A26821C8644550053F3DC /* Debug */ = {
			isa = XCBuildConfiguration;
			buildSettings = {
				ALWAYS_SEARCH_USER_PATHS = NO;
				CLANG_CXX_LANGUAGE_STANDARD = "gnu++0x";
				CLANG_CXX_LIBRARY = "libc++";
				CLANG_ENABLE_MODULES = YES;
				CLANG_ENABLE_OBJC_ARC = YES;
				CLANG_WARN_BOOL_CONVERSION = YES;
				CLANG_WARN_CONSTANT_CONVERSION = YES;
				CLANG_WARN_DIRECT_OBJC_ISA_USAGE = YES_ERROR;
				CLANG_WARN_EMPTY_BODY = YES;
				CLANG_WARN_ENUM_CONVERSION = YES;
				CLANG_WARN_INT_CONVERSION = YES;
				CLANG_WARN_OBJC_ROOT_CLASS = YES_ERROR;
				CLANG_WARN_UNREACHABLE_CODE = YES;
				CLANG_WARN__DUPLICATE_METHOD_MATCH = YES;
				"CODE_SIGN_IDENTITY[sdk=iphoneos*]" = "iPhone Developer";
				COPY_PHASE_STRIP = NO;
				DEBUG_INFORMATION_FORMAT = dwarf;
				ENABLE_STRICT_OBJC_MSGSEND = YES;
				ENABLE_TESTABILITY = YES;
				GCC_C_LANGUAGE_STANDARD = gnu99;
				GCC_DYNAMIC_NO_PIC = NO;
				GCC_NO_COMMON_BLOCKS = YES;
				GCC_OPTIMIZATION_LEVEL = 0;
				GCC_PREPROCESSOR_DEFINITIONS = (
					"DEBUG=1",
					"$(inherited)",
				);
				GCC_WARN_64_TO_32_BIT_CONVERSION = YES;
				GCC_WARN_ABOUT_RETURN_TYPE = YES_ERROR;
				GCC_WARN_UNDECLARED_SELECTOR = YES;
				GCC_WARN_UNINITIALIZED_AUTOS = YES_AGGRESSIVE;
				GCC_WARN_UNUSED_FUNCTION = YES;
				GCC_WARN_UNUSED_VARIABLE = YES;
				IPHONEOS_DEPLOYMENT_TARGET = 9.2;
				MTL_ENABLE_DEBUG_INFO = YES;
				ONLY_ACTIVE_ARCH = YES;
				SDKROOT = iphoneos;
				SWIFT_OPTIMIZATION_LEVEL = "-Onone";
				TARGETED_DEVICE_FAMILY = "1,2";
			};
			name = Debug;
		};
		F72A26831C8644550053F3DC /* Release */ = {
			isa = XCBuildConfiguration;
			buildSettings = {
				ALWAYS_SEARCH_USER_PATHS = NO;
				CLANG_CXX_LANGUAGE_STANDARD = "gnu++0x";
				CLANG_CXX_LIBRARY = "libc++";
				CLANG_ENABLE_MODULES = YES;
				CLANG_ENABLE_OBJC_ARC = YES;
				CLANG_WARN_BOOL_CONVERSION = YES;
				CLANG_WARN_CONSTANT_CONVERSION = YES;
				CLANG_WARN_DIRECT_OBJC_ISA_USAGE = YES_ERROR;
				CLANG_WARN_EMPTY_BODY = YES;
				CLANG_WARN_ENUM_CONVERSION = YES;
				CLANG_WARN_INT_CONVERSION = YES;
				CLANG_WARN_OBJC_ROOT_CLASS = YES_ERROR;
				CLANG_WARN_UNREACHABLE_CODE = YES;
				CLANG_WARN__DUPLICATE_METHOD_MATCH = YES;
				"CODE_SIGN_IDENTITY[sdk=iphoneos*]" = "iPhone Developer";
				COPY_PHASE_STRIP = NO;
				DEBUG_INFORMATION_FORMAT = "dwarf-with-dsym";
				ENABLE_NS_ASSERTIONS = NO;
				ENABLE_STRICT_OBJC_MSGSEND = YES;
				GCC_C_LANGUAGE_STANDARD = gnu99;
				GCC_NO_COMMON_BLOCKS = YES;
				GCC_WARN_64_TO_32_BIT_CONVERSION = YES;
				GCC_WARN_ABOUT_RETURN_TYPE = YES_ERROR;
				GCC_WARN_UNDECLARED_SELECTOR = YES;
				GCC_WARN_UNINITIALIZED_AUTOS = YES_AGGRESSIVE;
				GCC_WARN_UNUSED_FUNCTION = YES;
				GCC_WARN_UNUSED_VARIABLE = YES;
				IPHONEOS_DEPLOYMENT_TARGET = 9.2;
				MTL_ENABLE_DEBUG_INFO = NO;
				SDKROOT = iphoneos;
				TARGETED_DEVICE_FAMILY = "1,2";
				VALIDATE_PRODUCT = YES;
			};
			name = Release;
		};
		F72A26851C8644550053F3DC /* Debug */ = {
			isa = XCBuildConfiguration;
			buildSettings = {
				ASSETCATALOG_COMPILER_APPICON_NAME = AppIcon;
				CLANG_ENABLE_MODULES = YES;
				INFOPLIST_FILE = Emonar/Info.plist;
				LD_RUNPATH_SEARCH_PATHS = "$(inherited) @executable_path/Frameworks";
				PRODUCT_BUNDLE_IDENTIFIER = PurdueIdeaFamily.Emonar;
				PRODUCT_NAME = "$(TARGET_NAME)";
				SWIFT_OBJC_BRIDGING_HEADER = "Emonar/Emonar-Bridging-Header.h";
				SWIFT_OPTIMIZATION_LEVEL = "-Onone";
			};
			name = Debug;
		};
		F72A26861C8644550053F3DC /* Release */ = {
			isa = XCBuildConfiguration;
			buildSettings = {
				ASSETCATALOG_COMPILER_APPICON_NAME = AppIcon;
				CLANG_ENABLE_MODULES = YES;
				INFOPLIST_FILE = Emonar/Info.plist;
				LD_RUNPATH_SEARCH_PATHS = "$(inherited) @executable_path/Frameworks";
				PRODUCT_BUNDLE_IDENTIFIER = PurdueIdeaFamily.Emonar;
				PRODUCT_NAME = "$(TARGET_NAME)";
				SWIFT_OBJC_BRIDGING_HEADER = "Emonar/Emonar-Bridging-Header.h";
			};
			name = Release;
		};
/* End XCBuildConfiguration section */

/* Begin XCConfigurationList section */
		F72A266D1C8644550053F3DC /* Build configuration list for PBXProject "Emonar" */ = {
			isa = XCConfigurationList;
			buildConfigurations = (
				F72A26821C8644550053F3DC /* Debug */,
				F72A26831C8644550053F3DC /* Release */,
			);
			defaultConfigurationIsVisible = 0;
			defaultConfigurationName = Release;
		};
		F72A26841C8644550053F3DC /* Build configuration list for PBXNativeTarget "Emonar" */ = {
			isa = XCConfigurationList;
			buildConfigurations = (
				F72A26851C8644550053F3DC /* Debug */,
				F72A26861C8644550053F3DC /* Release */,
			);
			defaultConfigurationIsVisible = 0;
			defaultConfigurationName = Release;
		};
/* End XCConfigurationList section */
	};
	rootObject = F72A266A1C8644550053F3DC /* Project object */;
}
